// !$*UTF8*$!
{
	archiveVersion = 1;
	classes = {
	};
	objectVersion = 56;
	objects = {

/* Begin PBXBuildFile section */
		3D890F0B2B6AC31E00CC51E8 /* MapaApp.xcdatamodeld in Sources */ = {isa = PBXBuildFile; fileRef = 3D890F092B6AC31E00CC51E8 /* MapaApp.xcdatamodeld */; };
		3DF2EDCD2B5EF8C100A99054 /* AppDelegate.swift in Sources */ = {isa = PBXBuildFile; fileRef = 3DF2EDCC2B5EF8C100A99054 /* AppDelegate.swift */; };
		3DF2EDCF2B5EF8C100A99054 /* SceneDelegate.swift in Sources */ = {isa = PBXBuildFile; fileRef = 3DF2EDCE2B5EF8C100A99054 /* SceneDelegate.swift */; };
		3DF2EDD12B5EF8C100A99054 /* ViewController.swift in Sources */ = {isa = PBXBuildFile; fileRef = 3DF2EDD02B5EF8C100A99054 /* ViewController.swift */; };
		3DF2EDD42B5EF8C100A99054 /* Main.storyboard in Resources */ = {isa = PBXBuildFile; fileRef = 3DF2EDD22B5EF8C100A99054 /* Main.storyboard */; };
		3DF2EDD62B5EF8CD00A99054 /* Assets.xcassets in Resources */ = {isa = PBXBuildFile; fileRef = 3DF2EDD52B5EF8CD00A99054 /* Assets.xcassets */; };
		3DF2EDD92B5EF8CD00A99054 /* LaunchScreen.storyboard in Resources */ = {isa = PBXBuildFile; fileRef = 3DF2EDD72B5EF8CD00A99054 /* LaunchScreen.storyboard */; };
		3DF2EDE12B5EFAEB00A99054 /* Artwork.swift in Sources */ = {isa = PBXBuildFile; fileRef = 3DF2EDE02B5EFAEB00A99054 /* Artwork.swift */; };
/* End PBXBuildFile section */

/* Begin PBXFileReference section */
		3D890F0A2B6AC31E00CC51E8 /* MapaApp.xcdatamodel */ = {isa = PBXFileReference; lastKnownFileType = wrapper.xcdatamodel; path = MapaApp.xcdatamodel; sourceTree = "<group>"; };
		3DF2EDC92B5EF8C100A99054 /* Tarea Mapas.app */ = {isa = PBXFileReference; explicitFileType = wrapper.application; includeInIndex = 0; path = "Tarea Mapas.app"; sourceTree = BUILT_PRODUCTS_DIR; };
		3DF2EDCC2B5EF8C100A99054 /* AppDelegate.swift */ = {isa = PBXFileReference; lastKnownFileType = sourcecode.swift; path = AppDelegate.swift; sourceTree = "<group>"; };
		3DF2EDCE2B5EF8C100A99054 /* SceneDelegate.swift */ = {isa = PBXFileReference; lastKnownFileType = sourcecode.swift; path = SceneDelegate.swift; sourceTree = "<group>"; };
		3DF2EDD02B5EF8C100A99054 /* ViewController.swift */ = {isa = PBXFileReference; lastKnownFileType = sourcecode.swift; path = ViewController.swift; sourceTree = "<group>"; };
		3DF2EDD32B5EF8C100A99054 /* Base */ = {isa = PBXFileReference; lastKnownFileType = file.storyboard; name = Base; path = Base.lproj/Main.storyboard; sourceTree = "<group>"; };
		3DF2EDD52B5EF8CD00A99054 /* Assets.xcassets */ = {isa = PBXFileReference; lastKnownFileType = folder.assetcatalog; path = Assets.xcassets; sourceTree = "<group>"; };
		3DF2EDD82B5EF8CD00A99054 /* Base */ = {isa = PBXFileReference; lastKnownFileType = file.storyboard; name = Base; path = Base.lproj/LaunchScreen.storyboard; sourceTree = "<group>"; };
		3DF2EDDA2B5EF8CD00A99054 /* Info.plist */ = {isa = PBXFileReference; lastKnownFileType = text.plist.xml; path = Info.plist; sourceTree = "<group>"; };
		3DF2EDE02B5EFAEB00A99054 /* Artwork.swift */ = {isa = PBXFileReference; lastKnownFileType = sourcecode.swift; path = Artwork.swift; sourceTree = "<group>"; };
/* End PBXFileReference section */

/* Begin PBXFrameworksBuildPhase section */
		3DF2EDC62B5EF8C100A99054 /* Frameworks */ = {
			isa = PBXFrameworksBuildPhase;
			buildActionMask = 2147483647;
			files = (
			);
			runOnlyForDeploymentPostprocessing = 0;
		};
/* End PBXFrameworksBuildPhase section */

/* Begin PBXGroup section */
		3DF2EDC02B5EF8C000A99054 = {
			isa = PBXGroup;
			children = (
				3DF2EDCB2B5EF8C100A99054 /* Tarea Mapas */,
				3DF2EDCA2B5EF8C100A99054 /* Products */,
			);
			sourceTree = "<group>";
		};
		3DF2EDCA2B5EF8C100A99054 /* Products */ = {
			isa = PBXGroup;
			children = (
				3DF2EDC92B5EF8C100A99054 /* Tarea Mapas.app */,
			);
			name = Products;
			sourceTree = "<group>";
		};
		3DF2EDCB2B5EF8C100A99054 /* Tarea Mapas */ = {
			isa = PBXGroup;
			children = (
				3DF2EDCC2B5EF8C100A99054 /* AppDelegate.swift */,
				3DF2EDCE2B5EF8C100A99054 /* SceneDelegate.swift */,
				3DF2EDD02B5EF8C100A99054 /* ViewController.swift */,
				3DF2EDE02B5EFAEB00A99054 /* Artwork.swift */,
				3DF2EDD22B5EF8C100A99054 /* Main.storyboard */,
				3DF2EDD52B5EF8CD00A99054 /* Assets.xcassets */,
				3DF2EDD72B5EF8CD00A99054 /* LaunchScreen.storyboard */,
				3DF2EDDA2B5EF8CD00A99054 /* Info.plist */,
				3D890F092B6AC31E00CC51E8 /* MapaApp.xcdatamodeld */,
			);
			path = "Tarea Mapas";
			sourceTree = "<group>";
		};
/* End PBXGroup section */

/* Begin PBXNativeTarget section */
		3DF2EDC82B5EF8C100A99054 /* Tarea Mapas */ = {
			isa = PBXNativeTarget;
			buildConfigurationList = 3DF2EDDD2B5EF8CD00A99054 /* Build configuration list for PBXNativeTarget "Tarea Mapas" */;
			buildPhases = (
				3DF2EDC52B5EF8C100A99054 /* Sources */,
				3DF2EDC62B5EF8C100A99054 /* Frameworks */,
				3DF2EDC72B5EF8C100A99054 /* Resources */,
			);
			buildRules = (
			);
			dependencies = (
			);
			name = "Tarea Mapas";
			productName = "Tarea Mapas";
			productReference = 3DF2EDC92B5EF8C100A99054 /* Tarea Mapas.app */;
			productType = "com.apple.product-type.application";
		};
/* End PBXNativeTarget section */

/* Begin PBXProject section */
		3DF2EDC12B5EF8C000A99054 /* Project object */ = {
			isa = PBXProject;
			attributes = {
				BuildIndependentTargetsInParallel = 1;
				LastSwiftUpdateCheck = 1520;
				LastUpgradeCheck = 1520;
				TargetAttributes = {
					3DF2EDC82B5EF8C100A99054 = {
						CreatedOnToolsVersion = 15.2;
					};
				};
			};
			buildConfigurationList = 3DF2EDC42B5EF8C000A99054 /* Build configuration list for PBXProject "Tarea Mapas" */;
			compatibilityVersion = "Xcode 14.0";
			developmentRegion = en;
			hasScannedForEncodings = 0;
			knownRegions = (
				en,
				Base,
			);
			mainGroup = 3DF2EDC02B5EF8C000A99054;
			productRefGroup = 3DF2EDCA2B5EF8C100A99054 /* Products */;
			projectDirPath = "";
			projectRoot = "";
			targets = (
				3DF2EDC82B5EF8C100A99054 /* Tarea Mapas */,
			);
		};
/* End PBXProject section */

/* Begin PBXResourcesBuildPhase section */
		3DF2EDC72B5EF8C100A99054 /* Resources */ = {
			isa = PBXResourcesBuildPhase;
			buildActionMask = 2147483647;
			files = (
				3DF2EDD92B5EF8CD00A99054 /* LaunchScreen.storyboard in Resources */,
				3DF2EDD62B5EF8CD00A99054 /* Assets.xcassets in Resources */,
				3DF2EDD42B5EF8C100A99054 /* Main.storyboard in Resources */,
			);
			runOnlyForDeploymentPostprocessing = 0;
		};
/* End PBXResourcesBuildPhase section */

/* Begin PBXSourcesBuildPhase section */
		3DF2EDC52B5EF8C100A99054 /* Sources */ = {
			isa = PBXSourcesBuildPhase;
			buildActionMask = 2147483647;
			files = (
				3DF2EDD12B5EF8C100A99054 /* ViewController.swift in Sources */,
				3DF2EDCD2B5EF8C100A99054 /* AppDelegate.swift in Sources */,
				3DF2EDE12B5EFAEB00A99054 /* Artwork.swift in Sources */,
				3D890F0B2B6AC31E00CC51E8 /* MapaApp.xcdatamodeld in Sources */,
				3DF2EDCF2B5EF8C100A99054 /* SceneDelegate.swift in Sources */,
			);
			runOnlyForDeploymentPostprocessing = 0;
		};
/* End PBXSourcesBuildPhase section */

/* Begin PBXVariantGroup section */
		3DF2EDD22B5EF8C100A99054 /* Main.storyboard */ = {
			isa = PBXVariantGroup;
			children = (
				3DF2EDD32B5EF8C100A99054 /* Base */,
			);
			name = Main.storyboard;
			sourceTree = "<group>";
		};
		3DF2EDD72B5EF8CD00A99054 /* LaunchScreen.storyboard */ = {
			isa = PBXVariantGroup;
			children = (
				3DF2EDD82B5EF8CD00A99054 /* Base */,
			);
			name = LaunchScreen.storyboard;
			sourceTree = "<group>";
		};
/* End PBXVariantGroup section */

/* Begin XCBuildConfiguration section */
		3DF2EDDB2B5EF8CD00A99054 /* Debug */ = {
			isa = XCBuildConfiguration;
			buildSettings = {
				ALWAYS_SEARCH_USER_PATHS = NO;
				ASSETCATALOG_COMPILER_GENERATE_SWIFT_ASSET_SYMBOL_EXTENSIONS = YES;
				CLANG_ANALYZER_NONNULL = YES;
				CLANG_ANALYZER_NUMBER_OBJECT_CONVERSION = YES_AGGRESSIVE;
				CLANG_CXX_LANGUAGE_STANDARD = "gnu++20";
				CLANG_ENABLE_MODULES = YES;
				CLANG_ENABLE_OBJC_ARC = YES;
				CLANG_ENABLE_OBJC_WEAK = YES;
				CLANG_WARN_BLOCK_CAPTURE_AUTORELEASING = YES;
				CLANG_WARN_BOOL_CONVERSION = YES;
				CLANG_WARN_COMMA = YES;
				CLANG_WARN_CONSTANT_CONVERSION = YES;
				CLANG_WARN_DEPRECATED_OBJC_IMPLEMENTATIONS = YES;
				CLANG_WARN_DIRECT_OBJC_ISA_USAGE = YES_ERROR;
				CLANG_WARN_DOCUMENTATION_COMMENTS = YES;
				CLANG_WARN_EMPTY_BODY = YES;
				CLANG_WARN_ENUM_CONVERSION = YES;
				CLANG_WARN_INFINITE_RECURSION = YES;
				CLANG_WARN_INT_CONVERSION = YES;
				CLANG_WARN_NON_LITERAL_NULL_CONVERSION = YES;
				CLANG_WARN_OBJC_IMPLICIT_RETAIN_SELF = YES;
				CLANG_WARN_OBJC_LITERAL_CONVERSION = YES;
				CLANG_WARN_OBJC_ROOT_CLASS = YES_ERROR;
				CLANG_WARN_QUOTED_INCLUDE_IN_FRAMEWORK_HEADER = YES;
				CLANG_WARN_RANGE_LOOP_ANALYSIS = YES;
				CLANG_WARN_STRICT_PROTOTYPES = YES;
				CLANG_WARN_SUSPICIOUS_MOVE = YES;
				CLANG_WARN_UNGUARDED_AVAILABILITY = YES_AGGRESSIVE;
				CLANG_WARN_UNREACHABLE_CODE = YES;
				CLANG_WARN__DUPLICATE_METHOD_MATCH = YES;
				COPY_PHASE_STRIP = NO;
				DEBUG_INFORMATION_FORMAT = dwarf;
				ENABLE_STRICT_OBJC_MSGSEND = YES;
				ENABLE_TESTABILITY = YES;
				ENABLE_USER_SCRIPT_SANDBOXING = YES;
				GCC_C_LANGUAGE_STANDARD = gnu17;
				GCC_DYNAMIC_NO_PIC = NO;
				GCC_NO_COMMON_BLOCKS = YES;
				GCC_OPTIMIZATION_LEVEL = 0;
				GCC_PREPROCESSOR_DEFINITIONS = (
					"DEBUG=1",
					"$(inherited)",
				);
				GCC_WARN_64_TO_32_BIT_CONVERSION = YES;
				GCC_WARN_ABOUT_RETURN_TYPE = YES_ERROR;
				GCC_WARN_UNDECLARED_SELECTOR = YES;
				GCC_WARN_UNINITIALIZED_AUTOS = YES_AGGRESSIVE;
				GCC_WARN_UNUSED_FUNCTION = YES;
				GCC_WARN_UNUSED_VARIABLE = YES;
				IPHONEOS_DEPLOYMENT_TARGET = 17.2;
				LOCALIZATION_PREFERS_STRING_CATALOGS = YES;
				MTL_ENABLE_DEBUG_INFO = INCLUDE_SOURCE;
				MTL_FAST_MATH = YES;
				ONLY_ACTIVE_ARCH = YES;
				SDKROOT = iphoneos;
				SWIFT_ACTIVE_COMPILATION_CONDITIONS = "DEBUG $(inherited)";
				SWIFT_OPTIMIZATION_LEVEL = "-Onone";
			};
			name = Debug;
		};
		3DF2EDDC2B5EF8CD00A99054 /* Release */ = {
			isa = XCBuildConfiguration;
			buildSettings = {
				ALWAYS_SEARCH_USER_PATHS = NO;
				ASSETCATALOG_COMPILER_GENERATE_SWIFT_ASSET_SYMBOL_EXTENSIONS = YES;
				CLANG_ANALYZER_NONNULL = YES;
				CLANG_ANALYZER_NUMBER_OBJECT_CONVERSION = YES_AGGRESSIVE;
				CLANG_CXX_LANGUAGE_STANDARD = "gnu++20";
				CLANG_ENABLE_MODULES = YES;
				CLANG_ENABLE_OBJC_ARC = YES;
				CLANG_ENABLE_OBJC_WEAK = YES;
				CLANG_WARN_BLOCK_CAPTURE_AUTORELEASING = YES;
				CLANG_WARN_BOOL_CONVERSION = YES;
				CLANG_WARN_COMMA = YES;
				CLANG_WARN_CONSTANT_CONVERSION = YES;
				CLANG_WARN_DEPRECATED_OBJC_IMPLEMENTATIONS = YES;
				CLANG_WARN_DIRECT_OBJC_ISA_USAGE = YES_ERROR;
				CLANG_WARN_DOCUMENTATION_COMMENTS = YES;
				CLANG_WARN_EMPTY_BODY = YES;
				CLANG_WARN_ENUM_CONVERSION = YES;
				CLANG_WARN_INFINITE_RECURSION = YES;
				CLANG_WARN_INT_CONVERSION = YES;
				CLANG_WARN_NON_LITERAL_NULL_CONVERSION = YES;
				CLANG_WARN_OBJC_IMPLICIT_RETAIN_SELF = YES;
				CLANG_WARN_OBJC_LITERAL_CONVERSION = YES;
				CLANG_WARN_OBJC_ROOT_CLASS = YES_ERROR;
				CLANG_WARN_QUOTED_INCLUDE_IN_FRAMEWORK_HEADER = YES;
				CLANG_WARN_RANGE_LOOP_ANALYSIS = YES;
				CLANG_WARN_STRICT_PROTOTYPES = YES;
				CLANG_WARN_SUSPICIOUS_MOVE = YES;
				CLANG_WARN_UNGUARDED_AVAILABILITY = YES_AGGRESSIVE;
				CLANG_WARN_UNREACHABLE_CODE = YES;
				CLANG_WARN__DUPLICATE_METHOD_MATCH = YES;
				COPY_PHASE_STRIP = NO;
				DEBUG_INFORMATION_FORMAT = "dwarf-with-dsym";
				ENABLE_NS_ASSERTIONS = NO;
				ENABLE_STRICT_OBJC_MSGSEND = YES;
				ENABLE_USER_SCRIPT_SANDBOXING = YES;
				GCC_C_LANGUAGE_STANDARD = gnu17;
				GCC_NO_COMMON_BLOCKS = YES;
				GCC_WARN_64_TO_32_BIT_CONVERSION = YES;
				GCC_WARN_ABOUT_RETURN_TYPE = YES_ERROR;
				GCC_WARN_UNDECLARED_SELECTOR = YES;
				GCC_WARN_UNINITIALIZED_AUTOS = YES_AGGRESSIVE;
				GCC_WARN_UNUSED_FUNCTION = YES;
				GCC_WARN_UNUSED_VARIABLE = YES;
				IPHONEOS_DEPLOYMENT_TARGET = 17.2;
				LOCALIZATION_PREFERS_STRING_CATALOGS = YES;
				MTL_ENABLE_DEBUG_INFO = NO;
				MTL_FAST_MATH = YES;
				SDKROOT = iphoneos;
				SWIFT_COMPILATION_MODE = wholemodule;
				VALIDATE_PRODUCT = YES;
			};
			name = Release;
		};
		3DF2EDDE2B5EF8CD00A99054 /* Debug */ = {
			isa = XCBuildConfiguration;
			buildSettings = {
				ASSETCATALOG_COMPILER_APPICON_NAME = AppIcon;
				ASSETCATALOG_COMPILER_GLOBAL_ACCENT_COLOR_NAME = AccentColor;
				CODE_SIGN_STYLE = Automatic;
				CURRENT_PROJECT_VERSION = 1;
				GENERATE_INFOPLIST_FILE = YES;
				INFOPLIST_FILE = "Tarea Mapas/Info.plist";
				INFOPLIST_KEY_UIApplicationSupportsIndirectInputEvents = YES;
				INFOPLIST_KEY_UILaunchStoryboardName = LaunchScreen;
				INFOPLIST_KEY_UIMainStoryboardFile = Main;
				INFOPLIST_KEY_UISupportedInterfaceOrientations_iPad = "UIInterfaceOrientationPortrait UIInterfaceOrientationPortraitUpsideDown UIInterfaceOrientationLandscapeLeft UIInterfaceOrientationLandscapeRight";
				INFOPLIST_KEY_UISupportedInterfaceOrientations_iPhone = "UIInterfaceOrientationPortrait UIInterfaceOrientationLandscapeLeft UIInterfaceOrientationLandscapeRight";
				LD_RUNPATH_SEARCH_PATHS = (
					"$(inherited)",
					"@executable_path/Frameworks",
				);
				MARKETING_VERSION = 1.0;
				PRODUCT_BUNDLE_IDENTIFIER = "es.estech.Tarea-Mapas";
				PRODUCT_NAME = "$(TARGET_NAME)";
				SWIFT_EMIT_LOC_STRINGS = YES;
				SWIFT_VERSION = 5.0;
				TARGETED_DEVICE_FAMILY = "1,2";
			};
			name = Debug;
		};
		3DF2EDDF2B5EF8CD00A99054 /* Release */ = {
			isa = XCBuildConfiguration;
			buildSettings = {
				ASSETCATALOG_COMPILER_APPICON_NAME = AppIcon;
				ASSETCATALOG_COMPILER_GLOBAL_ACCENT_COLOR_NAME = AccentColor;
				CODE_SIGN_STYLE = Automatic;
				CURRENT_PROJECT_VERSION = 1;
				GENERATE_INFOPLIST_FILE = YES;
				INFOPLIST_FILE = "Tarea Mapas/Info.plist";
				INFOPLIST_KEY_UIApplicationSupportsIndirectInputEvents = YES;
				INFOPLIST_KEY_UILaunchStoryboardName = LaunchScreen;
				INFOPLIST_KEY_UIMainStoryboardFile = Main;
				INFOPLIST_KEY_UISupportedInterfaceOrientations_iPad = "UIInterfaceOrientationPortrait UIInterfaceOrientationPortraitUpsideDown UIInterfaceOrientationLandscapeLeft UIInterfaceOrientationLandscapeRight";
				INFOPLIST_KEY_UISupportedInterfaceOrientations_iPhone = "UIInterfaceOrientationPortrait UIInterfaceOrientationLandscapeLeft UIInterfaceOrientationLandscapeRight";
				LD_RUNPATH_SEARCH_PATHS = (
					"$(inherited)",
					"@executable_path/Frameworks",
				);
				MARKETING_VERSION = 1.0;
				PRODUCT_BUNDLE_IDENTIFIER = "es.estech.Tarea-Mapas";
				PRODUCT_NAME = "$(TARGET_NAME)";
				SWIFT_EMIT_LOC_STRINGS = YES;
				SWIFT_VERSION = 5.0;
				TARGETED_DEVICE_FAMILY = "1,2";
			};
			name = Release;
		};
/* End XCBuildConfiguration section */

/* Begin XCConfigurationList section */
		3DF2EDC42B5EF8C000A99054 /* Build configuration list for PBXProject "Tarea Mapas" */ = {
			isa = XCConfigurationList;
			buildConfigurations = (
				3DF2EDDB2B5EF8CD00A99054 /* Debug */,
				3DF2EDDC2B5EF8CD00A99054 /* Release */,
			);
			defaultConfigurationIsVisible = 0;
			defaultConfigurationName = Release;
		};
		3DF2EDDD2B5EF8CD00A99054 /* Build configuration list for PBXNativeTarget "Tarea Mapas" */ = {
			isa = XCConfigurationList;
			buildConfigurations = (
				3DF2EDDE2B5EF8CD00A99054 /* Debug */,
				3DF2EDDF2B5EF8CD00A99054 /* Release */,
			);
			defaultConfigurationIsVisible = 0;
			defaultConfigurationName = Release;
		};
/* End XCConfigurationList section */

/* Begin XCVersionGroup section */
		3D890F092B6AC31E00CC51E8 /* MapaApp.xcdatamodeld */ = {
			isa = XCVersionGroup;
			children = (
				3D890F0A2B6AC31E00CC51E8 /* MapaApp.xcdatamodel */,
			);
			currentVersion = 3D890F0A2B6AC31E00CC51E8 /* MapaApp.xcdatamodel */;
			path = MapaApp.xcdatamodeld;
			sourceTree = "<group>";
			versionGroupType = wrapper.xcdatamodel;
		};
/* End XCVersionGroup section */
	};
	rootObject = 3DF2EDC12B5EF8C000A99054 /* Project object */;
}
